
Microsoft Visual Studio Solution File, Format Version 12.00
# Visual Studio 15
VisualStudioVersion = 15.0.28307.1738
MinimumVisualStudioVersion = 10.0.40219.1
Project("{FAE04EC0-301F-11D3-BF4B-00C04F79EFBC}") = "Barangay Information Management System", "Barangay Information Management System\Barangay Information Management System.csproj", "{5EECBA0C-2417-4B36-8461-CF67EF2EC309}"
EndProject
Global
	GlobalSection(SolutionConfigurationPlatforms) = preSolution
		Debug|Any CPU = Debug|Any CPU
		Release|Any CPU = Release|Any CPU
	EndGlobalSection
	GlobalSection(ProjectConfigurationPlatforms) = postSolution
		{5EECBA0C-2417-4B36-8461-CF67EF2EC309}.Debug|Any CPU.ActiveCfg = Debug|Any CPU
		{5EECBA0C-2417-4B36-8461-CF67EF2EC309}.Debug|Any CPU.Build.0 = Debug|Any CPU
		{5EECBA0C-2417-4B36-8461-CF67EF2EC309}.Release|Any CPU.ActiveCfg = Release|Any CPU
		{5EECBA0C-2417-4B36-8461-CF67EF2EC309}.Release|Any CPU.Build.0 = Release|Any CPU
	EndGlobalSection
	GlobalSection(SolutionProperties) = preSolution
		HideSolutionNode = FALSE
	EndGlobalSection
	GlobalSection(ExtensibilityGlobals) = postSolution
		SolutionGuid = {AC2E84FA-6F0C-487E-98B4-0E833924973C}
	EndGlobalSection
EndGlobal
